{
  "lockfileVersion": 1,
  "configVersion": 1,
  "workspaces": {
    "": {
      "name": "bao",
      "dependencies": {
        "clerc": "^1.2.1",
      },
      "devDependencies": {
        "@biomejs/biome": "^2.3.15",
        "@types/bun": "^1.3.9",
        "@typescript/native-preview": "^7.0.0-dev.20260212.1",
        "typescript": "^5.9.3",
      },
    },
  },
  "packages": {
    "@biomejs/biome": ["@biomejs/biome@2.3.15", "", { "optionalDependencies": { "@biomejs/cli-darwin-arm64": "2.3.15", "@biomejs/cli-darwin-x64": "2.3.15", "@biomejs/cli-linux-arm64": "2.3.15", "@biomejs/cli-linux-arm64-musl": "2.3.15", "@biomejs/cli-linux-x64": "2.3.15", "@biomejs/cli-linux-x64-musl": "2.3.15", "@biomejs/cli-win32-arm64": "2.3.15", "@biomejs/cli-win32-x64": "2.3.15" }, "bin": { "biome": "bin/biome" } }, "sha512-u+jlPBAU2B45LDkjjNNYpc1PvqrM/co4loNommS9/sl9oSxsAQKsNZejYuUztvToB5oXi1tN/e62iNd6ESiY3g=="],

    "@biomejs/cli-darwin-arm64": ["@biomejs/cli-darwin-arm64@2.3.15", "", { "os": "darwin", "cpu": "arm64" }, "sha512-SDCdrJ4COim1r8SNHg19oqT50JfkI/xGZHSyC6mGzMfKrpNe/217Eq6y98XhNTc0vGWDjznSDNXdUc6Kg24jbw=="],

    "@biomejs/cli-darwin-x64": ["@biomejs/cli-darwin-x64@2.3.15", "", { "os": "darwin", "cpu": "x64" }, "sha512-RkyeSosBtn3C3Un8zQnl9upX0Qbq4E3QmBa0qjpOh1MebRbHhNlRC16jk8HdTe/9ym5zlfnpbb8cKXzW+vlTxw=="],

    "@biomejs/cli-linux-arm64": ["@biomejs/cli-linux-arm64@2.3.15", "", { "os": "linux", "cpu": "arm64" }, "sha512-FN83KxrdVWANOn5tDmW6UBC0grojchbGmcEz6JkRs2YY6DY63sTZhwkQ56x6YtKhDVV1Unz7FJexy8o7KwuIhg=="],

    "@biomejs/cli-linux-arm64-musl": ["@biomejs/cli-linux-arm64-musl@2.3.15", "", { "os": "linux", "cpu": "arm64" }, "sha512-SSSIj2yMkFdSkXqASzIBdjySBXOe65RJlhKEDlri7MN19RC4cpez+C0kEwPrhXOTgJbwQR9QH1F4+VnHkC35pg=="],

    "@biomejs/cli-linux-x64": ["@biomejs/cli-linux-x64@2.3.15", "", { "os": "linux", "cpu": "x64" }, "sha512-T8n9p8aiIKOrAD7SwC7opiBM1LYGrE5G3OQRXWgbeo/merBk8m+uxJ1nOXMPzfYyFLfPlKF92QS06KN1UW+Zbg=="],

    "@biomejs/cli-linux-x64-musl": ["@biomejs/cli-linux-x64-musl@2.3.15", "", { "os": "linux", "cpu": "x64" }, "sha512-dbjPzTh+ijmmNwojFYbQNMFp332019ZDioBYAMMJj5Ux9d8MkM+u+J68SBJGVwVeSHMYj+T9504CoxEzQxrdNw=="],

    "@biomejs/cli-win32-arm64": ["@biomejs/cli-win32-arm64@2.3.15", "", { "os": "win32", "cpu": "arm64" }, "sha512-puMuenu/2brQdgqtQ7geNwQlNVxiABKEZJhMRX6AGWcmrMO8EObMXniFQywy2b81qmC+q+SDvlOpspNwz0WiOA=="],

    "@biomejs/cli-win32-x64": ["@biomejs/cli-win32-x64@2.3.15", "", { "os": "win32", "cpu": "x64" }, "sha512-kDZr/hgg+igo5Emi0LcjlgfkoGZtgIpJKhnvKTRmMBv6FF/3SDyEV4khBwqNebZIyMZTzvpca9sQNSXJ39pI2A=="],

    "@clerc/core": ["@clerc/core@1.2.1", "", { "dependencies": { "@clerc/parser": "1.2.1", "@clerc/utils": "1.2.1", "lite-emit": "^4.0.0" } }, "sha512-NTmoekqJDKBGtwqEk0nRRwHNGRTS0qbuQpRnwZBy5oKy0FXqhaaTTrd72TllC+Gv3a7KFMAo8xsqwFz7vgzmFQ=="],

    "@clerc/parser": ["@clerc/parser@1.2.1", "", { "dependencies": { "@clerc/utils": "1.2.1" } }, "sha512-/8iEccDJPE4HCZDiPf7S32fH8lKK4IB6Aa5eQxTI5gPh0TBh/XPYkBk+geOba+FsV2YWj5KhXh7bYmIP9hXZOg=="],

    "@clerc/plugin-completions": ["@clerc/plugin-completions@1.2.1", "", { "peerDependencies": { "@clerc/core": "*" } }, "sha512-p49c/TjmupSXUCojlKts8/eDh/4i8+JaZs6X8k0jV7hxxSGfdaFRCM0ZdsASCo6CUqM1Tvsv1d/9jE4xr9B5Hw=="],

    "@clerc/plugin-friendly-error": ["@clerc/plugin-friendly-error@1.2.1", "", { "peerDependencies": { "@clerc/core": "*" } }, "sha512-JmoFVp2tWCRZsT/RAzV49VSkiyby3XNmcHI+K6Qqy0F69CqfTygnfXQcUUToj/p+Iyv/In5ueWVfZJ9OnexW5A=="],

    "@clerc/plugin-help": ["@clerc/plugin-help@1.2.1", "", { "dependencies": { "@clerc/utils": "1.2.1", "@uttr/tint": "^0.1.3", "string-width": "^8.1.0", "text-table": "^0.2.0" }, "peerDependencies": { "@clerc/core": "*" } }, "sha512-/Z8HersMAwtnfUpMh0Iorf51n3SKa+MQxq45ZhnZUTWajsv0OJAPKNy1uiwK57w0jQNbq77TomZiUOd8UdEJjw=="],

    "@clerc/plugin-not-found": ["@clerc/plugin-not-found@1.2.1", "", { "dependencies": { "@uttr/tint": "^0.1.3" }, "peerDependencies": { "@clerc/core": "*" } }, "sha512-pbl0BkP5s7bL1fz/bEir6kqTxRYS1e578KPi8KKBBHbSwC1e1KistJYqCbDjq/LdjV+d8QCvaggu3kMN9h2M5A=="],

    "@clerc/plugin-strict-flags": ["@clerc/plugin-strict-flags@1.2.1", "", { "dependencies": { "@clerc/utils": "1.2.1" }, "peerDependencies": { "@clerc/core": "*" } }, "sha512-4tzUVzBmN45xXaMtMyER8ReTNvFxlxsF2F8DQgv1+J5TdbvndL3hq4uPmkazNoF60tIS5d+p3vyc68jJy/uong=="],

    "@clerc/plugin-update-notifier": ["@clerc/plugin-update-notifier@1.2.1", "", { "peerDependencies": { "@clerc/core": "*" } }, "sha512-poPA+MdeBEs8MDUOn4ZBGg7AjngI9bldxvjtQ5vOkIiFTGS7UeOLvfumAQoqKoSsAC8+jweUH6WW8mNeaewsmg=="],

    "@clerc/plugin-version": ["@clerc/plugin-version@1.2.1", "", { "dependencies": { "@clerc/utils": "1.2.1" }, "peerDependencies": { "@clerc/core": "*" } }, "sha512-DrCL/letf+frUOBafyM6LZjDTyR83afFw7KTf4V/+Va3xRJ65OC8azoCzce8V6Q4iXK4TG6OPYTBR3KPi6AVyQ=="],

    "@clerc/utils": ["@clerc/utils@1.2.1", "", {}, "sha512-+CmPSbnMsf5Mk52IdUOhpEdhahkqfQ5RkDKvMg04X83HU4RImeKcZhfk+uOiB5zF1bt8ARt8wvJpYH0wj9PNMw=="],

    "@types/bun": ["@types/bun@1.3.9", "", { "dependencies": { "bun-types": "1.3.9" } }, "sha512-KQ571yULOdWJiMH+RIWIOZ7B2RXQGpL1YQrBtLIV3FqDcCu6FsbFUBwhdKUlCKUpS3PJDsHlJ1QKlpxoVR+xtw=="],

    "@types/node": ["@types/node@25.2.2", "", { "dependencies": { "undici-types": "~7.16.0" } }, "sha512-BkmoP5/FhRYek5izySdkOneRyXYN35I860MFAGupTdebyE66uZaR+bXLHq8k4DirE5DwQi3NuhvRU1jqTVwUrQ=="],

    "@typescript/native-preview": ["@typescript/native-preview@7.0.0-dev.20260212.1", "", { "optionalDependencies": { "@typescript/native-preview-darwin-arm64": "7.0.0-dev.20260212.1", "@typescript/native-preview-darwin-x64": "7.0.0-dev.20260212.1", "@typescript/native-preview-linux-arm": "7.0.0-dev.20260212.1", "@typescript/native-preview-linux-arm64": "7.0.0-dev.20260212.1", "@typescript/native-preview-linux-x64": "7.0.0-dev.20260212.1", "@typescript/native-preview-win32-arm64": "7.0.0-dev.20260212.1", "@typescript/native-preview-win32-x64": "7.0.0-dev.20260212.1" }, "bin": { "tsgo": "bin/tsgo.js" } }, "sha512-VHAVbp8d2VGm90EK//brKIYvT3iPrLXMq4/LApCdkKww/Hfn33zPRVmig4rswNaJiVu8XhcdHld5yfMw6d5A9Q=="],

    "@typescript/native-preview-darwin-arm64": ["@typescript/native-preview-darwin-arm64@7.0.0-dev.20260212.1", "", { "os": "darwin", "cpu": "arm64" }, "sha512-HH4bOVbNW6ITv00VSaE3aZjCuU2d+amgFZKdhbq7NpcJDxFvxyy9GT9gkKV0D1DXz5qoxZIcyBEIbwrhABb9vg=="],

    "@typescript/native-preview-darwin-x64": ["@typescript/native-preview-darwin-x64@7.0.0-dev.20260212.1", "", { "os": "darwin", "cpu": "x64" }, "sha512-vnQ2xRJscbtyS/jHO5QY2xAZ3c11Yn1ZAor/XODDrxd7N7jIrm0Vtc2CIwsi51oncLS1SZtUd9cHZmJg5zUJrQ=="],

    "@typescript/native-preview-linux-arm": ["@typescript/native-preview-linux-arm@7.0.0-dev.20260212.1", "", { "os": "linux", "cpu": "arm" }, "sha512-T8sF3YtYtODhWnFNhVuL/GABCHpKJs6ZxTtSC1LtXoM/CE0Ai06k5WKOxJG5rJrBtLIW+Dempk7qKPfhNliDTA=="],

    "@typescript/native-preview-linux-arm64": ["@typescript/native-preview-linux-arm64@7.0.0-dev.20260212.1", "", { "os": "linux", "cpu": "arm64" }, "sha512-suA5OryrhL/tE7AiQXiNNV88XwKEOfO0sypJQj+cfg/fpQ2trFyDZcsdMLYVZ7J0zirDai6H3TDETYYoNFE1/g=="],

    "@typescript/native-preview-linux-x64": ["@typescript/native-preview-linux-x64@7.0.0-dev.20260212.1", "", { "os": "linux", "cpu": "x64" }, "sha512-w687rpZKJM0Lev0ya0GYJlnFCITTUmN8jDpwLXn60jrNEZzL2J4F7biA6papr2sMdKRfWvRklhjB1TKHbJ6FKA=="],

    "@typescript/native-preview-win32-arm64": ["@typescript/native-preview-win32-arm64@7.0.0-dev.20260212.1", "", { "os": "win32", "cpu": "arm64" }, "sha512-NhCXPQF6OTNEZl8iwRE1ef/zHiqit5p3m7hdT2vfAOi1iA2eoazX0zTSdhgjX83o9cLjen3V1R7nbSYehFHaqw=="],

    "@typescript/native-preview-win32-x64": ["@typescript/native-preview-win32-x64@7.0.0-dev.20260212.1", "", { "os": "win32", "cpu": "x64" }, "sha512-0yqSBlASRx9rqM12QvaWc227w+bIsuI2EwAiNsoB1ybRbCXoXMah1RQlfjjTpD02eWCe/029vwrNhq+FLn7Z8A=="],

    "@uttr/tint": ["@uttr/tint@0.1.3", "", {}, "sha512-nQlAxBriuQ7NPxvMlxCXdw0n4alhEAIzsjFNNyU4CR7AitUwMFp1A5e/47JYQ7NMcooaI06OEQKylYhNhbpuIA=="],

    "ansi-regex": ["ansi-regex@6.2.2", "", {}, "sha512-Bq3SmSpyFHaWjPk8If9yc6svM8c56dB5BAtW4Qbw5jHTwwXXcTLoRMkpDJp6VL0XzlWaCHTXrkFURMYmD0sLqg=="],

    "bun-types": ["bun-types@1.3.9", "", { "dependencies": { "@types/node": "*" } }, "sha512-+UBWWOakIP4Tswh0Bt0QD0alpTY8cb5hvgiYeWCMet9YukHbzuruIEeXC2D7nMJPB12kbh8C7XJykSexEqGKJg=="],

    "clerc": ["clerc@1.2.1", "", { "dependencies": { "@clerc/core": "1.2.1", "@clerc/plugin-completions": "1.2.1", "@clerc/plugin-friendly-error": "1.2.1", "@clerc/plugin-help": "1.2.1", "@clerc/plugin-not-found": "1.2.1", "@clerc/plugin-strict-flags": "1.2.1", "@clerc/plugin-update-notifier": "1.2.1", "@clerc/plugin-version": "1.2.1" } }, "sha512-wVSnZdP97A3EwegRw+XmAIdTOJrhdNxf2LltEd/rKCt/G8RZRr07rWS1vWBYOi5KGV2MleUDFo9x/tXYLxcaVw=="],

    "get-east-asian-width": ["get-east-asian-width@1.4.0", "", {}, "sha512-QZjmEOC+IT1uk6Rx0sX22V6uHWVwbdbxf1faPqJ1QhLdGgsRGCZoyaQBm/piRdJy/D2um6hM1UP7ZEeQ4EkP+Q=="],

    "lite-emit": ["lite-emit@4.0.0", "", {}, "sha512-8krVeIZLS7JbkXz4R9xYziqHcxga6UgmomVWb45g21aB4M8qzDwr7FTEW3PJa80PTUASXeqbfipveKCB5YZdug=="],

    "string-width": ["string-width@8.1.1", "", { "dependencies": { "get-east-asian-width": "^1.3.0", "strip-ansi": "^7.1.0" } }, "sha512-KpqHIdDL9KwYk22wEOg/VIqYbrnLeSApsKT/bSj6Ez7pn3CftUiLAv2Lccpq1ALcpLV9UX1Ppn92npZWu2w/aw=="],

    "strip-ansi": ["strip-ansi@7.1.2", "", { "dependencies": { "ansi-regex": "^6.0.1" } }, "sha512-gmBGslpoQJtgnMAvOVqGZpEz9dyoKTCzy2nfz/n8aIFhN/jCE/rCmcxabB6jOOHV+0WNnylOxaxBQPSvcWklhA=="],

    "text-table": ["text-table@0.2.0", "", {}, "sha512-N+8UisAXDGk8PFXP4HAzVR9nbfmVJ3zYLAWiTIoqC5v5isinhr+r5uaO8+7r3BMfuNIufIsA7RdpVgacC2cSpw=="],

    "typescript": ["typescript@5.9.3", "", { "bin": { "tsc": "bin/tsc", "tsserver": "bin/tsserver" } }, "sha512-jl1vZzPDinLr9eUt3J/t7V6FgNEw9QjvBPdysz9KfQDD41fQrC2Y4vKQdiaUpFT4bXlb1RHhLpp8wtm6M5TgSw=="],

    "undici-types": ["undici-types@7.16.0", "", {}, "sha512-Zz+aZWSj8LE6zoxD+xrjh4VfkIG8Ya6LvYkZqtUQGJPZjYl53ypCaUwWqo7eI0x66KBGeRo+mlBEkMSeSZ38Nw=="],
  }
}
